
Microsoft Visual Studio Solution File, Format Version 12.00
# Visual Studio Version 16
VisualStudioVersion = 16.0.31515.178
MinimumVisualStudioVersion = 10.0.40219.1
Project("{8BC9CEB8-8B4A-11D0-8D11-00A0C91BC942}") = "Examen1 - 118870938 - JohnRojasChinchilla", "Examen1 - 118870938 - JohnRojasChinchilla.vcxproj", "{89AA19FD-87FE-4CEB-A099-F91ECD7196B1}"
EndProject
Global
	GlobalSection(SolutionConfigurationPlatforms) = preSolution
		Debug|x64 = Debug|x64
		Debug|x86 = Debug|x86
		Release|x64 = Release|x64
		Release|x86 = Release|x86
	EndGlobalSection
	GlobalSection(ProjectConfigurationPlatforms) = postSolution
		{89AA19FD-87FE-4CEB-A099-F91ECD7196B1}.Debug|x64.ActiveCfg = Debug|x64
		{89AA19FD-87FE-4CEB-A099-F91ECD7196B1}.Debug|x64.Build.0 = Debug|x64
		{89AA19FD-87FE-4CEB-A099-F91ECD7196B1}.Debug|x86.ActiveCfg = Debug|Win32
		{89AA19FD-87FE-4CEB-A099-F91ECD7196B1}.Debug|x86.Build.0 = Debug|Win32
		{89AA19FD-87FE-4CEB-A099-F91ECD7196B1}.Release|x64.ActiveCfg = Release|x64
		{89AA19FD-87FE-4CEB-A099-F91ECD7196B1}.Release|x64.Build.0 = Release|x64
		{89AA19FD-87FE-4CEB-A099-F91ECD7196B1}.Release|x86.ActiveCfg = Release|Win32
		{89AA19FD-87FE-4CEB-A099-F91ECD7196B1}.Release|x86.Build.0 = Release|Win32
	EndGlobalSection
	GlobalSection(SolutionProperties) = preSolution
		HideSolutionNode = FALSE
	EndGlobalSection
	GlobalSection(ExtensibilityGlobals) = postSolution
		SolutionGuid = {95C18CB7-C94F-4868-B629-D8B20DEFC4ED}
	EndGlobalSection
EndGlobal
